
Microsoft Visual Studio Solution File, Format Version 12.00
# Visual Studio Version 16
VisualStudioVersion = 16.0.28803.452
MinimumVisualStudioVersion = 10.0.40219.1
Project("{FAE04EC0-301F-11D3-BF4B-00C04F79EFBC}") = "RestWithASPNETUdemy", "RestWithASPNETUdemy\RestWithASPNETUdemy.csproj", "{27A43956-333A-4F64-9D12-3CDCEB0BEFA2}"
EndProject
Global
	GlobalSection(SolutionConfigurationPlatforms) = preSolution
		Debug|Any CPU = Debug|Any CPU
		Release|Any CPU = Release|Any CPU
	EndGlobalSection
	GlobalSection(ProjectConfigurationPlatforms) = postSolution
		{27A43956-333A-4F64-9D12-3CDCEB0BEFA2}.Debug|Any CPU.ActiveCfg = Debug|Any CPU
		{27A43956-333A-4F64-9D12-3CDCEB0BEFA2}.Debug|Any CPU.Build.0 = Debug|Any CPU
		{27A43956-333A-4F64-9D12-3CDCEB0BEFA2}.Release|Any CPU.ActiveCfg = Release|Any CPU
		{27A43956-333A-4F64-9D12-3CDCEB0BEFA2}.Release|Any CPU.Build.0 = Release|Any CPU
	EndGlobalSection
	GlobalSection(SolutionProperties) = preSolution
		HideSolutionNode = FALSE
	EndGlobalSection
	GlobalSection(ExtensibilityGlobals) = postSolution
		SolutionGuid = {89178FD5-37CF-43EB-8DB4-701BE3E74585}
	EndGlobalSection
EndGlobal
